
Microsoft Visual Studio Solution File, Format Version 12.00
# Visual Studio Version 17
VisualStudioVersion = 17.2.32519.379
MinimumVisualStudioVersion = 10.0.40219.1
Project("{FAE04EC0-301F-11D3-BF4B-00C04F79EFBC}") = "Account", "Account.csproj", "{B8E67FF2-AC9A-4BF4-9940-02BDD30BF347}"
EndProject
Global
	GlobalSection(SolutionConfigurationPlatforms) = preSolution
		Debug|Any CPU = Debug|Any CPU
		Release|Any CPU = Release|Any CPU
	EndGlobalSection
	GlobalSection(ProjectConfigurationPlatforms) = postSolution
		{B8E67FF2-AC9A-4BF4-9940-02BDD30BF347}.Debug|Any CPU.ActiveCfg = Debug|Any CPU
		{B8E67FF2-AC9A-4BF4-9940-02BDD30BF347}.Debug|Any CPU.Build.0 = Debug|Any CPU
		{B8E67FF2-AC9A-4BF4-9940-02BDD30BF347}.Release|Any CPU.ActiveCfg = Release|Any CPU
		{B8E67FF2-AC9A-4BF4-9940-02BDD30BF347}.Release|Any CPU.Build.0 = Release|Any CPU
	EndGlobalSection
	GlobalSection(SolutionProperties) = preSolution
		HideSolutionNode = FALSE
	EndGlobalSection
	GlobalSection(ExtensibilityGlobals) = postSolution
		SolutionGuid = {F9A409D6-5C51-4073-B749-1D83B23852F2}
	EndGlobalSection
EndGlobal
